schema: '2.0'
stages:
  make_dataset:
    cmd: python .\src\data\make_dataset.py train.csv
    deps:
    - path: .\data\raw\extracted\train.csv
      hash: md5
      md5: 1d8c00633bd6a079d41cdfab5f277d14
      size: 484903
    - path: .\src\data\make_dataset.py
      hash: md5
      md5: b4cb2ca4207af9b180868a86ec3bdd1b
      size: 3979
    params:
      params.yaml:
        make_dataset.random_state: 30
        make_dataset.test_size: 0.2
    outs:
    - path: .\data\interim
      hash: md5
      md5: eff9a04a52db154aed71ddfcf7963a32.dir
      size: 780068
      nfiles: 2
