schema: '2.0'
stages:
  make_dataset:
    cmd: python .\src\data\make_dataset.py train.csv
    deps:
    - path: .\data\raw\extracted\train.csv
      hash: md5
      md5: 1d8c00633bd6a079d41cdfab5f277d14
      size: 484903
    - path: .\src\data\make_dataset.py
      hash: md5
      md5: 3f4d4b3c37ae5b59b135f18b108ab678
      size: 3690
    params:
      params.yaml:
        make_dataset.random_state: 30
        make_dataset.test_size: 0.2
    outs:
    - path: .\data\interim
      hash: md5
      md5: c96dfbe69e321d4b2f7923924e6ba7e8.dir
      size: 473025
      nfiles: 2
